
Microsoft Visual Studio Solution File, Format Version 12.00
# Visual Studio Version 16
VisualStudioVersion = 16.0.30011.22
MinimumVisualStudioVersion = 10.0.40219.1
Project("{FAE04EC0-301F-11D3-BF4B-00C04F79EFBC}") = "BillingAPI", "BillingAPI.csproj", "{4E3F2ED1-7F8E-413B-BE84-A75080A16683}"
EndProject
Global
	GlobalSection(SolutionConfigurationPlatforms) = preSolution
		Debug|Any CPU = Debug|Any CPU
		Release|Any CPU = Release|Any CPU
	EndGlobalSection
	GlobalSection(ProjectConfigurationPlatforms) = postSolution
		{4E3F2ED1-7F8E-413B-BE84-A75080A16683}.Debug|Any CPU.ActiveCfg = Debug|Any CPU
		{4E3F2ED1-7F8E-413B-BE84-A75080A16683}.Debug|Any CPU.Build.0 = Debug|Any CPU
		{4E3F2ED1-7F8E-413B-BE84-A75080A16683}.Release|Any CPU.ActiveCfg = Release|Any CPU
		{4E3F2ED1-7F8E-413B-BE84-A75080A16683}.Release|Any CPU.Build.0 = Release|Any CPU
	EndGlobalSection
	GlobalSection(SolutionProperties) = preSolution
		HideSolutionNode = FALSE
	EndGlobalSection
	GlobalSection(ExtensibilityGlobals) = postSolution
		SolutionGuid = {0B5487D2-1F30-4917-A2AC-1D9E872D4CD4}
	EndGlobalSection
EndGlobal
